
Microsoft Visual Studio Solution File, Format Version 12.00
# Visual Studio Version 17
VisualStudioVersion = 17.14.36127.28
MinimumVisualStudioVersion = 10.0.40219.1
Project("{FAE04EC0-301F-11D3-BF4B-00C04F79EFBC}") = "CodeTracker.GoldRino456", "CodeTracker.GoldRino456.csproj", "{8D05BE3E-6061-4A47-B404-9C11DE60FA2A}"
EndProject
Project("{FAE04EC0-301F-11D3-BF4B-00C04F79EFBC}") = "CodeTracker.Tests", "..\CodeTracker.Tests\CodeTracker.Tests.csproj", "{C2E658CF-8187-4211-862D-3FFE56304372}"
EndProject
Global
	GlobalSection(SolutionConfigurationPlatforms) = preSolution
		Debug|Any CPU = Debug|Any CPU
		Release|Any CPU = Release|Any CPU
	EndGlobalSection
	GlobalSection(ProjectConfigurationPlatforms) = postSolution
		{8D05BE3E-6061-4A47-B404-9C11DE60FA2A}.Debug|Any CPU.ActiveCfg = Debug|Any CPU
		{8D05BE3E-6061-4A47-B404-9C11DE60FA2A}.Debug|Any CPU.Build.0 = Debug|Any CPU
		{8D05BE3E-6061-4A47-B404-9C11DE60FA2A}.Release|Any CPU.ActiveCfg = Release|Any CPU
		{8D05BE3E-6061-4A47-B404-9C11DE60FA2A}.Release|Any CPU.Build.0 = Release|Any CPU
		{C2E658CF-8187-4211-862D-3FFE56304372}.Debug|Any CPU.ActiveCfg = Debug|Any CPU
		{C2E658CF-8187-4211-862D-3FFE56304372}.Debug|Any CPU.Build.0 = Debug|Any CPU
		{C2E658CF-8187-4211-862D-3FFE56304372}.Release|Any CPU.ActiveCfg = Release|Any CPU
		{C2E658CF-8187-4211-862D-3FFE56304372}.Release|Any CPU.Build.0 = Release|Any CPU
	EndGlobalSection
	GlobalSection(SolutionProperties) = preSolution
		HideSolutionNode = FALSE
	EndGlobalSection
	GlobalSection(ExtensibilityGlobals) = postSolution
		SolutionGuid = {7A0888A6-AD80-4B0E-B08A-E30695BD1BC6}
	EndGlobalSection
EndGlobal
